
Microsoft Visual Studio Solution File, Format Version 12.00
# Visual Studio Version 17
VisualStudioVersion = 17.5.33627.172
MinimumVisualStudioVersion = 10.0.40219.1
Project("{9A19103F-16F7-4668-BE54-9A1E7A4F7556}") = "Dfe.Academisation.CorrelationIdMiddleware", "correlationIdMiddleware\Dfe.Academisation.CorrelationIdMiddleware.csproj", "{D0DA3B69-F631-4F10-B342-A07021591CA3}"
EndProject
Global
	GlobalSection(SolutionConfigurationPlatforms) = preSolution
		Debug|Any CPU = Debug|Any CPU
		Release|Any CPU = Release|Any CPU
	EndGlobalSection
	GlobalSection(ProjectConfigurationPlatforms) = postSolution
		{D0DA3B69-F631-4F10-B342-A07021591CA3}.Debug|Any CPU.ActiveCfg = Debug|Any CPU
		{D0DA3B69-F631-4F10-B342-A07021591CA3}.Debug|Any CPU.Build.0 = Debug|Any CPU
		{D0DA3B69-F631-4F10-B342-A07021591CA3}.Release|Any CPU.ActiveCfg = Release|Any CPU
		{D0DA3B69-F631-4F10-B342-A07021591CA3}.Release|Any CPU.Build.0 = Release|Any CPU
	EndGlobalSection
	GlobalSection(SolutionProperties) = preSolution
		HideSolutionNode = FALSE
	EndGlobalSection
	GlobalSection(ExtensibilityGlobals) = postSolution
		SolutionGuid = {0E37584C-B161-4C4A-AEDC-1D5C7A5864E5}
	EndGlobalSection
EndGlobal
