
Microsoft Visual Studio Solution File, Format Version 12.00
# Visual Studio Version 17
VisualStudioVersion = 17.6.33712.159
MinimumVisualStudioVersion = 10.0.40219.1
Project("{FAE04EC0-301F-11D3-BF4B-00C04F79EFBC}") = "Dfe.Academisation.ExtensionMethods", "ExtensionMethods\Dfe.Academisation.ExtensionMethods.csproj", "{94E2A60C-636C-4EFF-98A8-A40B36C6495F}"
EndProject
Project("{2150E333-8FDC-42A3-9474-1A3956D46DE8}") = "Solution Items", "Solution Items", "{B6B28876-26AD-4D9F-AEA0-604AB7E37B1A}"
	ProjectSection(SolutionItems) = preProject
		..\README.md = ..\README.md
	EndProjectSection
EndProject
Global
	GlobalSection(SolutionConfigurationPlatforms) = preSolution
		Debug|Any CPU = Debug|Any CPU
		Release|Any CPU = Release|Any CPU
	EndGlobalSection
	GlobalSection(ProjectConfigurationPlatforms) = postSolution
		{94E2A60C-636C-4EFF-98A8-A40B36C6495F}.Debug|Any CPU.ActiveCfg = Debug|Any CPU
		{94E2A60C-636C-4EFF-98A8-A40B36C6495F}.Debug|Any CPU.Build.0 = Debug|Any CPU
		{94E2A60C-636C-4EFF-98A8-A40B36C6495F}.Release|Any CPU.ActiveCfg = Release|Any CPU
		{94E2A60C-636C-4EFF-98A8-A40B36C6495F}.Release|Any CPU.Build.0 = Release|Any CPU
	EndGlobalSection
	GlobalSection(SolutionProperties) = preSolution
		HideSolutionNode = FALSE
	EndGlobalSection
	GlobalSection(ExtensibilityGlobals) = postSolution
		SolutionGuid = {6132F750-A825-4603-8B42-ACB5EB4FFDB5}
	EndGlobalSection
EndGlobal
